
Microsoft Visual Studio Solution File, Format Version 12.00
# Visual Studio 2013
VisualStudioVersion = 12.0.21005.1
MinimumVisualStudioVersion = 10.0.40219.1
Project("{FAE04EC0-301F-11D3-BF4B-00C04F79EFBC}") = "AllaBolagScrubber", "AllaBolagScrubber\AllaBolagScrubber.csproj", "{0CDC5B10-D1B7-4566-BF9D-B61EED3BDF65}"
EndProject
Project("{F088123C-0E9E-452A-89E6-6BA2F21D5CAC}") = "ScrubberModel", "ScrubberModel\ScrubberModel.modelproj", "{9FACC665-DB7F-43E9-B27C-589E3C70E48D}"
EndProject
Project("{FAE04EC0-301F-11D3-BF4B-00C04F79EFBC}") = "ScreenScraperLib", "ScreenScraperLib\ScreenScraperLib.csproj", "{A299B9C6-168C-4528-894A-2C7E1B64C20E}"
EndProject
Project("{FAE04EC0-301F-11D3-BF4B-00C04F79EFBC}") = "UnitTestScrape", "UnitTestScrape\UnitTestScrape.csproj", "{600FC26B-E47A-4C8E-A6C2-393BCD0A8E94}"
EndProject
Global
	GlobalSection(SolutionConfigurationPlatforms) = preSolution
		Debug|Any CPU = Debug|Any CPU
		Release|Any CPU = Release|Any CPU
	EndGlobalSection
	GlobalSection(ProjectConfigurationPlatforms) = postSolution
		{0CDC5B10-D1B7-4566-BF9D-B61EED3BDF65}.Debug|Any CPU.ActiveCfg = Debug|Any CPU
		{0CDC5B10-D1B7-4566-BF9D-B61EED3BDF65}.Debug|Any CPU.Build.0 = Debug|Any CPU
		{0CDC5B10-D1B7-4566-BF9D-B61EED3BDF65}.Release|Any CPU.ActiveCfg = Release|Any CPU
		{0CDC5B10-D1B7-4566-BF9D-B61EED3BDF65}.Release|Any CPU.Build.0 = Release|Any CPU
		{9FACC665-DB7F-43E9-B27C-589E3C70E48D}.Debug|Any CPU.ActiveCfg = Debug|Any CPU
		{9FACC665-DB7F-43E9-B27C-589E3C70E48D}.Debug|Any CPU.Build.0 = Debug|Any CPU
		{9FACC665-DB7F-43E9-B27C-589E3C70E48D}.Release|Any CPU.ActiveCfg = Release|Any CPU
		{9FACC665-DB7F-43E9-B27C-589E3C70E48D}.Release|Any CPU.Build.0 = Release|Any CPU
		{A299B9C6-168C-4528-894A-2C7E1B64C20E}.Debug|Any CPU.ActiveCfg = Debug|Any CPU
		{A299B9C6-168C-4528-894A-2C7E1B64C20E}.Debug|Any CPU.Build.0 = Debug|Any CPU
		{A299B9C6-168C-4528-894A-2C7E1B64C20E}.Release|Any CPU.ActiveCfg = Release|Any CPU
		{A299B9C6-168C-4528-894A-2C7E1B64C20E}.Release|Any CPU.Build.0 = Release|Any CPU
		{600FC26B-E47A-4C8E-A6C2-393BCD0A8E94}.Debug|Any CPU.ActiveCfg = Debug|Any CPU
		{600FC26B-E47A-4C8E-A6C2-393BCD0A8E94}.Debug|Any CPU.Build.0 = Debug|Any CPU
		{600FC26B-E47A-4C8E-A6C2-393BCD0A8E94}.Release|Any CPU.ActiveCfg = Release|Any CPU
		{600FC26B-E47A-4C8E-A6C2-393BCD0A8E94}.Release|Any CPU.Build.0 = Release|Any CPU
	EndGlobalSection
	GlobalSection(SolutionProperties) = preSolution
		HideSolutionNode = FALSE
	EndGlobalSection
EndGlobal
